
Microsoft Visual Studio Solution File, Format Version 12.00
# Visual Studio Version 17
VisualStudioVersion = 17.6.33801.468
MinimumVisualStudioVersion = 10.0.40219.1
Project("{FAE04EC0-301F-11D3-BF4B-00C04F79EFBC}") = "QRTestRedirect", "QRTestRedirect.csproj", "{4ADEED9A-6C02-4895-9895-1F72B3BBE10B}"
EndProject
Global
	GlobalSection(SolutionConfigurationPlatforms) = preSolution
		Debug|Any CPU = Debug|Any CPU
		Release|Any CPU = Release|Any CPU
	EndGlobalSection
	GlobalSection(ProjectConfigurationPlatforms) = postSolution
		{4ADEED9A-6C02-4895-9895-1F72B3BBE10B}.Debug|Any CPU.ActiveCfg = Debug|Any CPU
		{4ADEED9A-6C02-4895-9895-1F72B3BBE10B}.Debug|Any CPU.Build.0 = Debug|Any CPU
		{4ADEED9A-6C02-4895-9895-1F72B3BBE10B}.Release|Any CPU.ActiveCfg = Release|Any CPU
		{4ADEED9A-6C02-4895-9895-1F72B3BBE10B}.Release|Any CPU.Build.0 = Release|Any CPU
	EndGlobalSection
	GlobalSection(SolutionProperties) = preSolution
		HideSolutionNode = FALSE
	EndGlobalSection
	GlobalSection(ExtensibilityGlobals) = postSolution
		SolutionGuid = {B2913917-2DFB-4D78-BE72-F847CF86F079}
	EndGlobalSection
EndGlobal
